
Microsoft Visual Studio Solution File, Format Version 12.00
# Visual Studio Version 17
VisualStudioVersion = 17.3.32519.111
MinimumVisualStudioVersion = 10.0.40219.1
Project("{FAE04EC0-301F-11D3-BF4B-00C04F79EFBC}") = "Nest", "Nest.csproj", "{ECC41B8C-20E2-45DA-95A5-FB72D30B4441}"
EndProject
Global
	GlobalSection(SolutionConfigurationPlatforms) = preSolution
		Debug|Any CPU = Debug|Any CPU
		Release|Any CPU = Release|Any CPU
	EndGlobalSection
	GlobalSection(ProjectConfigurationPlatforms) = postSolution
		{ECC41B8C-20E2-45DA-95A5-FB72D30B4441}.Debug|Any CPU.ActiveCfg = Debug|Any CPU
		{ECC41B8C-20E2-45DA-95A5-FB72D30B4441}.Debug|Any CPU.Build.0 = Debug|Any CPU
		{ECC41B8C-20E2-45DA-95A5-FB72D30B4441}.Release|Any CPU.ActiveCfg = Release|Any CPU
		{ECC41B8C-20E2-45DA-95A5-FB72D30B4441}.Release|Any CPU.Build.0 = Release|Any CPU
	EndGlobalSection
	GlobalSection(SolutionProperties) = preSolution
		HideSolutionNode = FALSE
	EndGlobalSection
	GlobalSection(ExtensibilityGlobals) = postSolution
		SolutionGuid = {2F5A78D5-3F2A-4189-9904-EF83D629801C}
	EndGlobalSection
EndGlobal
